// !$*UTF8*$!
{
	archiveVersion = 1;
	classes = {
	};
	objectVersion = 50;
	objects = {

/* Begin PBXBuildFile section */
		25B083CD53930F0DE4C47B1A /* Pods_pokedex.framework in Frameworks */ = {isa = PBXBuildFile; fileRef = 87DA38589D9ED6B6AC091504 /* Pods_pokedex.framework */; };
		A78580F42193612700D57173 /* ViewController.swift in Sources */ = {isa = PBXBuildFile; fileRef = A78580F32193612700D57173 /* ViewController.swift */; };
		A78580F821936A4F00D57173 /* Main.storyboard in Resources */ = {isa = PBXBuildFile; fileRef = A78580F721936A4F00D57173 /* Main.storyboard */; };
		A7C9954F2182266C00885505 /* AppDelegate.swift in Sources */ = {isa = PBXBuildFile; fileRef = A7C9954E2182266C00885505 /* AppDelegate.swift */; };
		A7C995562182266D00885505 /* Assets.xcassets in Resources */ = {isa = PBXBuildFile; fileRef = A7C995552182266D00885505 /* Assets.xcassets */; };
		A7C995642182266D00885505 /* pokedexTests.swift in Sources */ = {isa = PBXBuildFile; fileRef = A7C995632182266D00885505 /* pokedexTests.swift */; };
		A7C9956F2182266D00885505 /* pokedexUITests.swift in Sources */ = {isa = PBXBuildFile; fileRef = A7C9956E2182266D00885505 /* pokedexUITests.swift */; };
		A7C9957D21822B1700885505 /* PokedexRooter.swift in Sources */ = {isa = PBXBuildFile; fileRef = A7C9957C21822B1700885505 /* PokedexRooter.swift */; };
		A7C9957F218232A100885505 /* PokemonModel.swift in Sources */ = {isa = PBXBuildFile; fileRef = A7C9957E218232A100885505 /* PokemonModel.swift */; };
		A7C99581218242D200885505 /* PokemonViewCell.swift in Sources */ = {isa = PBXBuildFile; fileRef = A7C99580218242D200885505 /* PokemonViewCell.swift */; };
		A7D90C75218FD8C900F375D1 /* PokemonAPI.swift in Sources */ = {isa = PBXBuildFile; fileRef = A7D90C74218FD8C900F375D1 /* PokemonAPI.swift */; };
		A7D90C77218FE8BA00F375D1 /* TableViewController.swift in Sources */ = {isa = PBXBuildFile; fileRef = A7D90C76218FE8BA00F375D1 /* TableViewController.swift */; };
		A7D90C79218FE8FF00F375D1 /* TableViewCell.swift in Sources */ = {isa = PBXBuildFile; fileRef = A7D90C78218FE8FF00F375D1 /* TableViewCell.swift */; };
/* End PBXBuildFile section */

/* Begin PBXContainerItemProxy section */
		A7C995602182266D00885505 /* PBXContainerItemProxy */ = {
			isa = PBXContainerItemProxy;
			containerPortal = A7C995432182266C00885505 /* Project object */;
			proxyType = 1;
			remoteGlobalIDString = A7C9954A2182266C00885505;
			remoteInfo = pokedex;
		};
		A7C9956B2182266D00885505 /* PBXContainerItemProxy */ = {
			isa = PBXContainerItemProxy;
			containerPortal = A7C995432182266C00885505 /* Project object */;
			proxyType = 1;
			remoteGlobalIDString = A7C9954A2182266C00885505;
			remoteInfo = pokedex;
		};
/* End PBXContainerItemProxy section */

/* Begin PBXFileReference section */
		3B08AD92076E93EBBC27E865 /* Pods-pokedex.debug.xcconfig */ = {isa = PBXFileReference; includeInIndex = 1; lastKnownFileType = text.xcconfig; name = "Pods-pokedex.debug.xcconfig"; path = "Pods/Target Support Files/Pods-pokedex/Pods-pokedex.debug.xcconfig"; sourceTree = "<group>"; };
		87DA38589D9ED6B6AC091504 /* Pods_pokedex.framework */ = {isa = PBXFileReference; explicitFileType = wrapper.framework; includeInIndex = 0; path = Pods_pokedex.framework; sourceTree = BUILT_PRODUCTS_DIR; };
		A78580F32193612700D57173 /* ViewController.swift */ = {isa = PBXFileReference; lastKnownFileType = sourcecode.swift; path = ViewController.swift; sourceTree = "<group>"; };
		A78580F721936A4F00D57173 /* Main.storyboard */ = {isa = PBXFileReference; lastKnownFileType = file.storyboard; path = Main.storyboard; sourceTree = "<group>"; };
		A7C9954B2182266C00885505 /* pokedex.app */ = {isa = PBXFileReference; explicitFileType = wrapper.application; includeInIndex = 0; path = pokedex.app; sourceTree = BUILT_PRODUCTS_DIR; };
		A7C9954E2182266C00885505 /* AppDelegate.swift */ = {isa = PBXFileReference; lastKnownFileType = sourcecode.swift; path = AppDelegate.swift; sourceTree = "<group>"; };
		A7C995552182266D00885505 /* Assets.xcassets */ = {isa = PBXFileReference; lastKnownFileType = folder.assetcatalog; path = Assets.xcassets; sourceTree = "<group>"; };
		A7C9955A2182266D00885505 /* Info.plist */ = {isa = PBXFileReference; lastKnownFileType = text.plist.xml; path = Info.plist; sourceTree = "<group>"; };
		A7C9955F2182266D00885505 /* pokedexTests.xctest */ = {isa = PBXFileReference; explicitFileType = wrapper.cfbundle; includeInIndex = 0; path = pokedexTests.xctest; sourceTree = BUILT_PRODUCTS_DIR; };
		A7C995632182266D00885505 /* pokedexTests.swift */ = {isa = PBXFileReference; lastKnownFileType = sourcecode.swift; path = pokedexTests.swift; sourceTree = "<group>"; };
		A7C995652182266D00885505 /* Info.plist */ = {isa = PBXFileReference; lastKnownFileType = text.plist.xml; path = Info.plist; sourceTree = "<group>"; };
		A7C9956A2182266D00885505 /* pokedexUITests.xctest */ = {isa = PBXFileReference; explicitFileType = wrapper.cfbundle; includeInIndex = 0; path = pokedexUITests.xctest; sourceTree = BUILT_PRODUCTS_DIR; };
		A7C9956E2182266D00885505 /* pokedexUITests.swift */ = {isa = PBXFileReference; lastKnownFileType = sourcecode.swift; path = pokedexUITests.swift; sourceTree = "<group>"; };
		A7C995702182266D00885505 /* Info.plist */ = {isa = PBXFileReference; lastKnownFileType = text.plist.xml; path = Info.plist; sourceTree = "<group>"; };
		A7C9957C21822B1700885505 /* PokedexRooter.swift */ = {isa = PBXFileReference; lastKnownFileType = sourcecode.swift; path = PokedexRooter.swift; sourceTree = "<group>"; };
		A7C9957E218232A100885505 /* PokemonModel.swift */ = {isa = PBXFileReference; lastKnownFileType = sourcecode.swift; path = PokemonModel.swift; sourceTree = "<group>"; };
		A7C99580218242D200885505 /* PokemonViewCell.swift */ = {isa = PBXFileReference; lastKnownFileType = sourcecode.swift; path = PokemonViewCell.swift; sourceTree = "<group>"; };
		A7D90C74218FD8C900F375D1 /* PokemonAPI.swift */ = {isa = PBXFileReference; lastKnownFileType = sourcecode.swift; path = PokemonAPI.swift; sourceTree = "<group>"; };
		A7D90C76218FE8BA00F375D1 /* TableViewController.swift */ = {isa = PBXFileReference; lastKnownFileType = sourcecode.swift; path = TableViewController.swift; sourceTree = "<group>"; };
		A7D90C78218FE8FF00F375D1 /* TableViewCell.swift */ = {isa = PBXFileReference; lastKnownFileType = sourcecode.swift; path = TableViewCell.swift; sourceTree = "<group>"; };
		F21B37F6A9B08303A38C759E /* Pods-pokedex.release.xcconfig */ = {isa = PBXFileReference; includeInIndex = 1; lastKnownFileType = text.xcconfig; name = "Pods-pokedex.release.xcconfig"; path = "Pods/Target Support Files/Pods-pokedex/Pods-pokedex.release.xcconfig"; sourceTree = "<group>"; };
/* End PBXFileReference section */

/* Begin PBXFrameworksBuildPhase section */
		A7C995482182266C00885505 /* Frameworks */ = {
			isa = PBXFrameworksBuildPhase;
			buildActionMask = 2147483647;
			files = (
				25B083CD53930F0DE4C47B1A /* Pods_pokedex.framework in Frameworks */,
			);
			runOnlyForDeploymentPostprocessing = 0;
		};
		A7C9955C2182266D00885505 /* Frameworks */ = {
			isa = PBXFrameworksBuildPhase;
			buildActionMask = 2147483647;
			files = (
			);
			runOnlyForDeploymentPostprocessing = 0;
		};
		A7C995672182266D00885505 /* Frameworks */ = {
			isa = PBXFrameworksBuildPhase;
			buildActionMask = 2147483647;
			files = (
			);
			runOnlyForDeploymentPostprocessing = 0;
		};
/* End PBXFrameworksBuildPhase section */

/* Begin PBXGroup section */
		81607133874131ED082F0B54 /* Pods */ = {
			isa = PBXGroup;
			children = (
				3B08AD92076E93EBBC27E865 /* Pods-pokedex.debug.xcconfig */,
				F21B37F6A9B08303A38C759E /* Pods-pokedex.release.xcconfig */,
			);
			name = Pods;
			sourceTree = "<group>";
		};
		A7C995422182266C00885505 = {
			isa = PBXGroup;
			children = (
				A7C9954D2182266C00885505 /* pokedex */,
				A7C995622182266D00885505 /* pokedexTests */,
				A7C9956D2182266D00885505 /* pokedexUITests */,
				A7C9954C2182266C00885505 /* Products */,
				81607133874131ED082F0B54 /* Pods */,
				FB6F98FF28D62A2641A16CBB /* Frameworks */,
			);
			sourceTree = "<group>";
		};
		A7C9954C2182266C00885505 /* Products */ = {
			isa = PBXGroup;
			children = (
				A7C9954B2182266C00885505 /* pokedex.app */,
				A7C9955F2182266D00885505 /* pokedexTests.xctest */,
				A7C9956A2182266D00885505 /* pokedexUITests.xctest */,
			);
			name = Products;
			sourceTree = "<group>";
		};
		A7C9954D2182266C00885505 /* pokedex */ = {
			isa = PBXGroup;
			children = (
				A7C9954E2182266C00885505 /* AppDelegate.swift */,
				A7D90C78218FE8FF00F375D1 /* TableViewCell.swift */,
				A7D90C76218FE8BA00F375D1 /* TableViewController.swift */,
				A78580F32193612700D57173 /* ViewController.swift */,
				A7C99580218242D200885505 /* PokemonViewCell.swift */,
				A7C995552182266D00885505 /* Assets.xcassets */,
				A7C9955A2182266D00885505 /* Info.plist */,
				A7C9957C21822B1700885505 /* PokedexRooter.swift */,
				A7C9957E218232A100885505 /* PokemonModel.swift */,
				A7D90C74218FD8C900F375D1 /* PokemonAPI.swift */,
				A78580F721936A4F00D57173 /* Main.storyboard */,
			);
			path = pokedex;
			sourceTree = "<group>";
		};
		A7C995622182266D00885505 /* pokedexTests */ = {
			isa = PBXGroup;
			children = (
				A7C995632182266D00885505 /* pokedexTests.swift */,
				A7C995652182266D00885505 /* Info.plist */,
			);
			path = pokedexTests;
			sourceTree = "<group>";
		};
		A7C9956D2182266D00885505 /* pokedexUITests */ = {
			isa = PBXGroup;
			children = (
				A7C9956E2182266D00885505 /* pokedexUITests.swift */,
				A7C995702182266D00885505 /* Info.plist */,
			);
			path = pokedexUITests;
			sourceTree = "<group>";
		};
		FB6F98FF28D62A2641A16CBB /* Frameworks */ = {
			isa = PBXGroup;
			children = (
				87DA38589D9ED6B6AC091504 /* Pods_pokedex.framework */,
			);
			name = Frameworks;
			sourceTree = "<group>";
		};
/* End PBXGroup section */

/* Begin PBXNativeTarget section */
		A7C9954A2182266C00885505 /* pokedex */ = {
			isa = PBXNativeTarget;
			buildConfigurationList = A7C995732182266D00885505 /* Build configuration list for PBXNativeTarget "pokedex" */;
			buildPhases = (
				4648475A97D58839F4CAD4A4 /* [CP] Check Pods Manifest.lock */,
				A7C995472182266C00885505 /* Sources */,
				A7C995482182266C00885505 /* Frameworks */,
				A7C995492182266C00885505 /* Resources */,
				ED77CD494A1ADD5A4482FEAF /* [CP] Embed Pods Frameworks */,
			);
			buildRules = (
			);
			dependencies = (
			);
			name = pokedex;
			productName = pokedex;
			productReference = A7C9954B2182266C00885505 /* pokedex.app */;
			productType = "com.apple.product-type.application";
		};
		A7C9955E2182266D00885505 /* pokedexTests */ = {
			isa = PBXNativeTarget;
			buildConfigurationList = A7C995762182266D00885505 /* Build configuration list for PBXNativeTarget "pokedexTests" */;
			buildPhases = (
				A7C9955B2182266D00885505 /* Sources */,
				A7C9955C2182266D00885505 /* Frameworks */,
				A7C9955D2182266D00885505 /* Resources */,
			);
			buildRules = (
			);
			dependencies = (
				A7C995612182266D00885505 /* PBXTargetDependency */,
			);
			name = pokedexTests;
			productName = pokedexTests;
			productReference = A7C9955F2182266D00885505 /* pokedexTests.xctest */;
			productType = "com.apple.product-type.bundle.unit-test";
		};
		A7C995692182266D00885505 /* pokedexUITests */ = {
			isa = PBXNativeTarget;
			buildConfigurationList = A7C995792182266D00885505 /* Build configuration list for PBXNativeTarget "pokedexUITests" */;
			buildPhases = (
				A7C995662182266D00885505 /* Sources */,
				A7C995672182266D00885505 /* Frameworks */,
				A7C995682182266D00885505 /* Resources */,
			);
			buildRules = (
			);
			dependencies = (
				A7C9956C2182266D00885505 /* PBXTargetDependency */,
			);
			name = pokedexUITests;
			productName = pokedexUITests;
			productReference = A7C9956A2182266D00885505 /* pokedexUITests.xctest */;
			productType = "com.apple.product-type.bundle.ui-testing";
		};
/* End PBXNativeTarget section */

/* Begin PBXProject section */
		A7C995432182266C00885505 /* Project object */ = {
			isa = PBXProject;
			attributes = {
				LastSwiftUpdateCheck = 1000;
				LastUpgradeCheck = 1000;
				ORGANIZATIONNAME = "Valentin LAMBERT";
				TargetAttributes = {
					A7C9954A2182266C00885505 = {
						CreatedOnToolsVersion = 10.0;
					};
					A7C9955E2182266D00885505 = {
						CreatedOnToolsVersion = 10.0;
						TestTargetID = A7C9954A2182266C00885505;
					};
					A7C995692182266D00885505 = {
						CreatedOnToolsVersion = 10.0;
						TestTargetID = A7C9954A2182266C00885505;
					};
				};
			};
			buildConfigurationList = A7C995462182266C00885505 /* Build configuration list for PBXProject "pokedex" */;
			compatibilityVersion = "Xcode 9.3";
			developmentRegion = en;
			hasScannedForEncodings = 0;
			knownRegions = (
				en,
				Base,
			);
			mainGroup = A7C995422182266C00885505;
			productRefGroup = A7C9954C2182266C00885505 /* Products */;
			projectDirPath = "";
			projectRoot = "";
			targets = (
				A7C9954A2182266C00885505 /* pokedex */,
				A7C9955E2182266D00885505 /* pokedexTests */,
				A7C995692182266D00885505 /* pokedexUITests */,
			);
		};
/* End PBXProject section */

/* Begin PBXResourcesBuildPhase section */
		A7C995492182266C00885505 /* Resources */ = {
			isa = PBXResourcesBuildPhase;
			buildActionMask = 2147483647;
			files = (
				A7C995562182266D00885505 /* Assets.xcassets in Resources */,
				A78580F821936A4F00D57173 /* Main.storyboard in Resources */,
			);
			runOnlyForDeploymentPostprocessing = 0;
		};
		A7C9955D2182266D00885505 /* Resources */ = {
			isa = PBXResourcesBuildPhase;
			buildActionMask = 2147483647;
			files = (
			);
			runOnlyForDeploymentPostprocessing = 0;
		};
		A7C995682182266D00885505 /* Resources */ = {
			isa = PBXResourcesBuildPhase;
			buildActionMask = 2147483647;
			files = (
			);
			runOnlyForDeploymentPostprocessing = 0;
		};
/* End PBXResourcesBuildPhase section */

/* Begin PBXShellScriptBuildPhase section */
		4648475A97D58839F4CAD4A4 /* [CP] Check Pods Manifest.lock */ = {
			isa = PBXShellScriptBuildPhase;
			buildActionMask = 2147483647;
			files = (
			);
			inputPaths = (
				"${PODS_PODFILE_DIR_PATH}/Podfile.lock",
				"${PODS_ROOT}/Manifest.lock",
			);
			name = "[CP] Check Pods Manifest.lock";
			outputPaths = (
				"$(DERIVED_FILE_DIR)/Pods-pokedex-checkManifestLockResult.txt",
			);
			runOnlyForDeploymentPostprocessing = 0;
			shellPath = /bin/sh;
			shellScript = "diff \"${PODS_PODFILE_DIR_PATH}/Podfile.lock\" \"${PODS_ROOT}/Manifest.lock\" > /dev/null\nif [ $? != 0 ] ; then\n    # print error to STDERR\n    echo \"error: The sandbox is not in sync with the Podfile.lock. Run 'pod install' or update your CocoaPods installation.\" >&2\n    exit 1\nfi\n# This output is used by Xcode 'outputs' to avoid re-running this script phase.\necho \"SUCCESS\" > \"${SCRIPT_OUTPUT_FILE_0}\"\n";
			showEnvVarsInLog = 0;
		};
		ED77CD494A1ADD5A4482FEAF /* [CP] Embed Pods Frameworks */ = {
			isa = PBXShellScriptBuildPhase;
			buildActionMask = 2147483647;
			files = (
			);
			inputPaths = (
				"${SRCROOT}/Pods/Target Support Files/Pods-pokedex/Pods-pokedex-frameworks.sh",
				"${BUILT_PRODUCTS_DIR}/Alamofire/Alamofire.framework",
				"${BUILT_PRODUCTS_DIR}/AlamofireImage/AlamofireImage.framework",
			);
			name = "[CP] Embed Pods Frameworks";
			outputPaths = (
				"${TARGET_BUILD_DIR}/${FRAMEWORKS_FOLDER_PATH}/Alamofire.framework",
				"${TARGET_BUILD_DIR}/${FRAMEWORKS_FOLDER_PATH}/AlamofireImage.framework",
			);
			runOnlyForDeploymentPostprocessing = 0;
			shellPath = /bin/sh;
			shellScript = "\"${SRCROOT}/Pods/Target Support Files/Pods-pokedex/Pods-pokedex-frameworks.sh\"\n";
			showEnvVarsInLog = 0;
		};
/* End PBXShellScriptBuildPhase section */

/* Begin PBXSourcesBuildPhase section */
		A7C995472182266C00885505 /* Sources */ = {
			isa = PBXSourcesBuildPhase;
			buildActionMask = 2147483647;
			files = (
				A7D90C79218FE8FF00F375D1 /* TableViewCell.swift in Sources */,
				A7D90C77218FE8BA00F375D1 /* TableViewController.swift in Sources */,
				A7C9957D21822B1700885505 /* PokedexRooter.swift in Sources */,
				A7D90C75218FD8C900F375D1 /* PokemonAPI.swift in Sources */,
				A7C9954F2182266C00885505 /* AppDelegate.swift in Sources */,
				A7C9957F218232A100885505 /* PokemonModel.swift in Sources */,
				A78580F42193612700D57173 /* ViewController.swift in Sources */,
				A7C99581218242D200885505 /* PokemonViewCell.swift in Sources */,
			);
			runOnlyForDeploymentPostprocessing = 0;
		};
		A7C9955B2182266D00885505 /* Sources */ = {
			isa = PBXSourcesBuildPhase;
			buildActionMask = 2147483647;
			files = (
				A7C995642182266D00885505 /* pokedexTests.swift in Sources */,
			);
			runOnlyForDeploymentPostprocessing = 0;
		};
		A7C995662182266D00885505 /* Sources */ = {
			isa = PBXSourcesBuildPhase;
			buildActionMask = 2147483647;
			files = (
				A7C9956F2182266D00885505 /* pokedexUITests.swift in Sources */,
			);
			runOnlyForDeploymentPostprocessing = 0;
		};
/* End PBXSourcesBuildPhase section */

/* Begin PBXTargetDependency section */
		A7C995612182266D00885505 /* PBXTargetDependency */ = {
			isa = PBXTargetDependency;
			target = A7C9954A2182266C00885505 /* pokedex */;
			targetProxy = A7C995602182266D00885505 /* PBXContainerItemProxy */;
		};
		A7C9956C2182266D00885505 /* PBXTargetDependency */ = {
			isa = PBXTargetDependency;
			target = A7C9954A2182266C00885505 /* pokedex */;
			targetProxy = A7C9956B2182266D00885505 /* PBXContainerItemProxy */;
		};
/* End PBXTargetDependency section */

/* Begin XCBuildConfiguration section */
		A7C995712182266D00885505 /* Debug */ = {
			isa = XCBuildConfiguration;
			buildSettings = {
				ALWAYS_SEARCH_USER_PATHS = NO;
				CLANG_ANALYZER_NONNULL = YES;
				CLANG_ANALYZER_NUMBER_OBJECT_CONVERSION = YES_AGGRESSIVE;
				CLANG_CXX_LANGUAGE_STANDARD = "gnu++14";
				CLANG_CXX_LIBRARY = "libc++";
				CLANG_ENABLE_MODULES = YES;
				CLANG_ENABLE_OBJC_ARC = YES;
				CLANG_ENABLE_OBJC_WEAK = YES;
				CLANG_WARN_BLOCK_CAPTURE_AUTORELEASING = YES;
				CLANG_WARN_BOOL_CONVERSION = YES;
				CLANG_WARN_COMMA = YES;
				CLANG_WARN_CONSTANT_CONVERSION = YES;
				CLANG_WARN_DEPRECATED_OBJC_IMPLEMENTATIONS = YES;
				CLANG_WARN_DIRECT_OBJC_ISA_USAGE = YES_ERROR;
				CLANG_WARN_DOCUMENTATION_COMMENTS = YES;
				CLANG_WARN_EMPTY_BODY = YES;
				CLANG_WARN_ENUM_CONVERSION = YES;
				CLANG_WARN_INFINITE_RECURSION = YES;
				CLANG_WARN_INT_CONVERSION = YES;
				CLANG_WARN_NON_LITERAL_NULL_CONVERSION = YES;
				CLANG_WARN_OBJC_IMPLICIT_RETAIN_SELF = YES;
				CLANG_WARN_OBJC_LITERAL_CONVERSION = YES;
				CLANG_WARN_OBJC_ROOT_CLASS = YES_ERROR;
				CLANG_WARN_RANGE_LOOP_ANALYSIS = YES;
				CLANG_WARN_STRICT_PROTOTYPES = YES;
				CLANG_WARN_SUSPICIOUS_MOVE = YES;
				CLANG_WARN_UNGUARDED_AVAILABILITY = YES_AGGRESSIVE;
				CLANG_WARN_UNREACHABLE_CODE = YES;
				CLANG_WARN__DUPLICATE_METHOD_MATCH = YES;
				CODE_SIGN_IDENTITY = "iPhone Developer";
				COPY_PHASE_STRIP = NO;
				DEBUG_INFORMATION_FORMAT = dwarf;
				ENABLE_STRICT_OBJC_MSGSEND = YES;
				ENABLE_TESTABILITY = YES;
				GCC_C_LANGUAGE_STANDARD = gnu11;
				GCC_DYNAMIC_NO_PIC = NO;
				GCC_NO_COMMON_BLOCKS = YES;
				GCC_OPTIMIZATION_LEVEL = 0;
				GCC_PREPROCESSOR_DEFINITIONS = (
					"DEBUG=1",
					"$(inherited)",
				);
				GCC_WARN_64_TO_32_BIT_CONVERSION = YES;
				GCC_WARN_ABOUT_RETURN_TYPE = YES_ERROR;
				GCC_WARN_UNDECLARED_SELECTOR = YES;
				GCC_WARN_UNINITIALIZED_AUTOS = YES_AGGRESSIVE;
				GCC_WARN_UNUSED_FUNCTION = YES;
				GCC_WARN_UNUSED_VARIABLE = YES;
				IPHONEOS_DEPLOYMENT_TARGET = 12.0;
				MTL_ENABLE_DEBUG_INFO = INCLUDE_SOURCE;
				MTL_FAST_MATH = YES;
				ONLY_ACTIVE_ARCH = YES;
				SDKROOT = iphoneos;
				SWIFT_ACTIVE_COMPILATION_CONDITIONS = DEBUG;
				SWIFT_OPTIMIZATION_LEVEL = "-Onone";
			};
			name = Debug;
		};
		A7C995722182266D00885505 /* Release */ = {
			isa = XCBuildConfiguration;
			buildSettings = {
				ALWAYS_SEARCH_USER_PATHS = NO;
				CLANG_ANALYZER_NONNULL = YES;
				CLANG_ANALYZER_NUMBER_OBJECT_CONVERSION = YES_AGGRESSIVE;
				CLANG_CXX_LANGUAGE_STANDARD = "gnu++14";
				CLANG_CXX_LIBRARY = "libc++";
				CLANG_ENABLE_MODULES = YES;
				CLANG_ENABLE_OBJC_ARC = YES;
				CLANG_ENABLE_OBJC_WEAK = YES;
				CLANG_WARN_BLOCK_CAPTURE_AUTORELEASING = YES;
				CLANG_WARN_BOOL_CONVERSION = YES;
				CLANG_WARN_COMMA = YES;
				CLANG_WARN_CONSTANT_CONVERSION = YES;
				CLANG_WARN_DEPRECATED_OBJC_IMPLEMENTATIONS = YES;
				CLANG_WARN_DIRECT_OBJC_ISA_USAGE = YES_ERROR;
				CLANG_WARN_DOCUMENTATION_COMMENTS = YES;
				CLANG_WARN_EMPTY_BODY = YES;
				CLANG_WARN_ENUM_CONVERSION = YES;
				CLANG_WARN_INFINITE_RECURSION = YES;
				CLANG_WARN_INT_CONVERSION = YES;
				CLANG_WARN_NON_LITERAL_NULL_CONVERSION = YES;
				CLANG_WARN_OBJC_IMPLICIT_RETAIN_SELF = YES;
				CLANG_WARN_OBJC_LITERAL_CONVERSION = YES;
				CLANG_WARN_OBJC_ROOT_CLASS = YES_ERROR;
				CLANG_WARN_RANGE_LOOP_ANALYSIS = YES;
				CLANG_WARN_STRICT_PROTOTYPES = YES;
				CLANG_WARN_SUSPICIOUS_MOVE = YES;
				CLANG_WARN_UNGUARDED_AVAILABILITY = YES_AGGRESSIVE;
				CLANG_WARN_UNREACHABLE_CODE = YES;
				CLANG_WARN__DUPLICATE_METHOD_MATCH = YES;
				CODE_SIGN_IDENTITY = "iPhone Developer";
				COPY_PHASE_STRIP = NO;
				DEBUG_INFORMATION_FORMAT = "dwarf-with-dsym";
				ENABLE_NS_ASSERTIONS = NO;
				ENABLE_STRICT_OBJC_MSGSEND = YES;
				GCC_C_LANGUAGE_STANDARD = gnu11;
				GCC_NO_COMMON_BLOCKS = YES;
				GCC_WARN_64_TO_32_BIT_CONVERSION = YES;
				GCC_WARN_ABOUT_RETURN_TYPE = YES_ERROR;
				GCC_WARN_UNDECLARED_SELECTOR = YES;
				GCC_WARN_UNINITIALIZED_AUTOS = YES_AGGRESSIVE;
				GCC_WARN_UNUSED_FUNCTION = YES;
				GCC_WARN_UNUSED_VARIABLE = YES;
				IPHONEOS_DEPLOYMENT_TARGET = 12.0;
				MTL_ENABLE_DEBUG_INFO = NO;
				MTL_FAST_MATH = YES;
				SDKROOT = iphoneos;
				SWIFT_COMPILATION_MODE = wholemodule;
				SWIFT_OPTIMIZATION_LEVEL = "-O";
				VALIDATE_PRODUCT = YES;
			};
			name = Release;
		};
		A7C995742182266D00885505 /* Debug */ = {
			isa = XCBuildConfiguration;
			baseConfigurationReference = 3B08AD92076E93EBBC27E865 /* Pods-pokedex.debug.xcconfig */;
			buildSettings = {
				ASSETCATALOG_COMPILER_APPICON_NAME = AppIcon;
				CODE_SIGN_STYLE = Automatic;
				INFOPLIST_FILE = pokedex/Info.plist;
				LD_RUNPATH_SEARCH_PATHS = (
					"$(inherited)",
					"@executable_path/Frameworks",
				);
				PRODUCT_BUNDLE_IDENTIFIER = fr.epita.www.pokedex;
				PRODUCT_NAME = "$(TARGET_NAME)";
				SWIFT_VERSION = 4.2;
				TARGETED_DEVICE_FAMILY = "1,2";
			};
			name = Debug;
		};
		A7C995752182266D00885505 /* Release */ = {
			isa = XCBuildConfiguration;
			baseConfigurationReference = F21B37F6A9B08303A38C759E /* Pods-pokedex.release.xcconfig */;
			buildSettings = {
				ASSETCATALOG_COMPILER_APPICON_NAME = AppIcon;
				CODE_SIGN_STYLE = Automatic;
				INFOPLIST_FILE = pokedex/Info.plist;
				LD_RUNPATH_SEARCH_PATHS = (
					"$(inherited)",
					"@executable_path/Frameworks",
				);
				PRODUCT_BUNDLE_IDENTIFIER = fr.epita.www.pokedex;
				PRODUCT_NAME = "$(TARGET_NAME)";
				SWIFT_VERSION = 4.2;
				TARGETED_DEVICE_FAMILY = "1,2";
			};
			name = Release;
		};
		A7C995772182266D00885505 /* Debug */ = {
			isa = XCBuildConfiguration;
			buildSettings = {
				ALWAYS_EMBED_SWIFT_STANDARD_LIBRARIES = YES;
				BUNDLE_LOADER = "$(TEST_HOST)";
				CODE_SIGN_STYLE = Automatic;
				INFOPLIST_FILE = pokedexTests/Info.plist;
				LD_RUNPATH_SEARCH_PATHS = (
					"$(inherited)",
					"@executable_path/Frameworks",
					"@loader_path/Frameworks",
				);
				PRODUCT_BUNDLE_IDENTIFIER = fr.epita.www.pokedexTests;
				PRODUCT_NAME = "$(TARGET_NAME)";
				SWIFT_VERSION = 4.2;
				TARGETED_DEVICE_FAMILY = "1,2";
				TEST_HOST = "$(BUILT_PRODUCTS_DIR)/pokedex.app/pokedex";
			};
			name = Debug;
		};
		A7C995782182266D00885505 /* Release */ = {
			isa = XCBuildConfiguration;
			buildSettings = {
				ALWAYS_EMBED_SWIFT_STANDARD_LIBRARIES = YES;
				BUNDLE_LOADER = "$(TEST_HOST)";
				CODE_SIGN_STYLE = Automatic;
				INFOPLIST_FILE = pokedexTests/Info.plist;
				LD_RUNPATH_SEARCH_PATHS = (
					"$(inherited)",
					"@executable_path/Frameworks",
					"@loader_path/Frameworks",
				);
				PRODUCT_BUNDLE_IDENTIFIER = fr.epita.www.pokedexTests;
				PRODUCT_NAME = "$(TARGET_NAME)";
				SWIFT_VERSION = 4.2;
				TARGETED_DEVICE_FAMILY = "1,2";
				TEST_HOST = "$(BUILT_PRODUCTS_DIR)/pokedex.app/pokedex";
			};
			name = Release;
		};
		A7C9957A2182266D00885505 /* Debug */ = {
			isa = XCBuildConfiguration;
			buildSettings = {
				ALWAYS_EMBED_SWIFT_STANDARD_LIBRARIES = YES;
				CODE_SIGN_STYLE = Automatic;
				INFOPLIST_FILE = pokedexUITests/Info.plist;
				LD_RUNPATH_SEARCH_PATHS = (
					"$(inherited)",
					"@executable_path/Frameworks",
					"@loader_path/Frameworks",
				);
				PRODUCT_BUNDLE_IDENTIFIER = fr.epita.www.pokedexUITests;
				PRODUCT_NAME = "$(TARGET_NAME)";
				SWIFT_VERSION = 4.2;
				TARGETED_DEVICE_FAMILY = "1,2";
				TEST_TARGET_NAME = pokedex;
			};
			name = Debug;
		};
		A7C9957B2182266D00885505 /* Release */ = {
			isa = XCBuildConfiguration;
			buildSettings = {
				ALWAYS_EMBED_SWIFT_STANDARD_LIBRARIES = YES;
				CODE_SIGN_STYLE = Automatic;
				INFOPLIST_FILE = pokedexUITests/Info.plist;
				LD_RUNPATH_SEARCH_PATHS = (
					"$(inherited)",
					"@executable_path/Frameworks",
					"@loader_path/Frameworks",
				);
				PRODUCT_BUNDLE_IDENTIFIER = fr.epita.www.pokedexUITests;
				PRODUCT_NAME = "$(TARGET_NAME)";
				SWIFT_VERSION = 4.2;
				TARGETED_DEVICE_FAMILY = "1,2";
				TEST_TARGET_NAME = pokedex;
			};
			name = Release;
		};
/* End XCBuildConfiguration section */

/* Begin XCConfigurationList section */
		A7C995462182266C00885505 /* Build configuration list for PBXProject "pokedex" */ = {
			isa = XCConfigurationList;
			buildConfigurations = (
				A7C995712182266D00885505 /* Debug */,
				A7C995722182266D00885505 /* Release */,
			);
			defaultConfigurationIsVisible = 0;
			defaultConfigurationName = Release;
		};
		A7C995732182266D00885505 /* Build configuration list for PBXNativeTarget "pokedex" */ = {
			isa = XCConfigurationList;
			buildConfigurations = (
				A7C995742182266D00885505 /* Debug */,
				A7C995752182266D00885505 /* Release */,
			);
			defaultConfigurationIsVisible = 0;
			defaultConfigurationName = Release;
		};
		A7C995762182266D00885505 /* Build configuration list for PBXNativeTarget "pokedexTests" */ = {
			isa = XCConfigurationList;
			buildConfigurations = (
				A7C995772182266D00885505 /* Debug */,
				A7C995782182266D00885505 /* Release */,
			);
			defaultConfigurationIsVisible = 0;
			defaultConfigurationName = Release;
		};
		A7C995792182266D00885505 /* Build configuration list for PBXNativeTarget "pokedexUITests" */ = {
			isa = XCConfigurationList;
			buildConfigurations = (
				A7C9957A2182266D00885505 /* Debug */,
				A7C9957B2182266D00885505 /* Release */,
			);
			defaultConfigurationIsVisible = 0;
			defaultConfigurationName = Release;
		};
/* End XCConfigurationList section */
	};
	rootObject = A7C995432182266C00885505 /* Project object */;
}
